
Microsoft Visual Studio Solution File, Format Version 12.00
# Visual Studio Version 17
VisualStudioVersion = 17.7.34221.43
MinimumVisualStudioVersion = 10.0.40219.1
Project("{FAE04EC0-301F-11D3-BF4B-00C04F79EFBC}") = "Esercizio1_Calcolo_RDC", "Esercizio1_Calcolo_RDC.csproj", "{F03B05B9-38B0-498D-9CA7-3FEA2CCEED41}"
EndProject
Global
	GlobalSection(SolutionConfigurationPlatforms) = preSolution
		Debug|Any CPU = Debug|Any CPU
		Release|Any CPU = Release|Any CPU
	EndGlobalSection
	GlobalSection(ProjectConfigurationPlatforms) = postSolution
		{F03B05B9-38B0-498D-9CA7-3FEA2CCEED41}.Debug|Any CPU.ActiveCfg = Debug|Any CPU
		{F03B05B9-38B0-498D-9CA7-3FEA2CCEED41}.Debug|Any CPU.Build.0 = Debug|Any CPU
		{F03B05B9-38B0-498D-9CA7-3FEA2CCEED41}.Release|Any CPU.ActiveCfg = Release|Any CPU
		{F03B05B9-38B0-498D-9CA7-3FEA2CCEED41}.Release|Any CPU.Build.0 = Release|Any CPU
	EndGlobalSection
	GlobalSection(SolutionProperties) = preSolution
		HideSolutionNode = FALSE
	EndGlobalSection
	GlobalSection(ExtensibilityGlobals) = postSolution
		SolutionGuid = {0F01BF0C-CA09-462A-BC9C-C28F4A082953}
	EndGlobalSection
EndGlobal
